
Microsoft Visual Studio Solution File, Format Version 12.00
# Visual Studio 15
VisualStudioVersion = 15.0.27130.2020
MinimumVisualStudioVersion = 10.0.40219.1
Project("{9A19103F-16F7-4668-BE54-9A1E7A4F7556}") = "UnitTestAssign", "UnitTestAssign\UnitTestAssign.csproj", "{44F7753D-B8CC-4D52-A6D5-A551134A0647}"
EndProject
Project("{FAE04EC0-301F-11D3-BF4B-00C04F79EFBC}") = "UnitTestAssign.Tests", "UnitTestProject1\UnitTestAssign.Tests.csproj", "{0A90C248-831C-4299-84BD-7CEBB9339740}"
EndProject
Global
	GlobalSection(SolutionConfigurationPlatforms) = preSolution
		Debug|Any CPU = Debug|Any CPU
		Release|Any CPU = Release|Any CPU
	EndGlobalSection
	GlobalSection(ProjectConfigurationPlatforms) = postSolution
		{44F7753D-B8CC-4D52-A6D5-A551134A0647}.Debug|Any CPU.ActiveCfg = Debug|Any CPU
		{44F7753D-B8CC-4D52-A6D5-A551134A0647}.Debug|Any CPU.Build.0 = Debug|Any CPU
		{44F7753D-B8CC-4D52-A6D5-A551134A0647}.Release|Any CPU.ActiveCfg = Release|Any CPU
		{44F7753D-B8CC-4D52-A6D5-A551134A0647}.Release|Any CPU.Build.0 = Release|Any CPU
		{0A90C248-831C-4299-84BD-7CEBB9339740}.Debug|Any CPU.ActiveCfg = Debug|Any CPU
		{0A90C248-831C-4299-84BD-7CEBB9339740}.Debug|Any CPU.Build.0 = Debug|Any CPU
		{0A90C248-831C-4299-84BD-7CEBB9339740}.Release|Any CPU.ActiveCfg = Release|Any CPU
		{0A90C248-831C-4299-84BD-7CEBB9339740}.Release|Any CPU.Build.0 = Release|Any CPU
	EndGlobalSection
	GlobalSection(SolutionProperties) = preSolution
		HideSolutionNode = FALSE
	EndGlobalSection
	GlobalSection(ExtensibilityGlobals) = postSolution
		SolutionGuid = {99E7B036-EED2-4FA9-A542-7D0BC7592752}
	EndGlobalSection
EndGlobal
